
Microsoft Visual Studio Solution File, Format Version 12.00
# Visual Studio 2012
Project("{FAE04EC0-301F-11D3-BF4B-00C04F79EFBC}") = "MiniVVM.Core", "MiniVVM.Core\MiniVVM.Core.csproj", "{769DAFD8-EAEA-4449-8B78-FBAA210ACC0D}"
EndProject
Project("{FAE04EC0-301F-11D3-BF4B-00C04F79EFBC}") = "MiniVVM.iOS", "MiniVVM.iOS\MiniVVM.iOS.csproj", "{88407F16-E21D-49B4-A4F2-6233E41A78C8}"
EndProject
Project("{FAE04EC0-301F-11D3-BF4B-00C04F79EFBC}") = "MiniVVM.Droid", "MiniVVM.Droid\MiniVVM.Droid.csproj", "{83C5F9E4-D513-4DAC-9C21-0FEA9AEBA76D}"
EndProject
Global
	GlobalSection(SolutionConfigurationPlatforms) = preSolution
		Debug|Any CPU = Debug|Any CPU
		Release|Any CPU = Release|Any CPU
	EndGlobalSection
	GlobalSection(ProjectConfigurationPlatforms) = postSolution
		{769DAFD8-EAEA-4449-8B78-FBAA210ACC0D}.Debug|Any CPU.ActiveCfg = Debug|Any CPU
		{769DAFD8-EAEA-4449-8B78-FBAA210ACC0D}.Debug|Any CPU.Build.0 = Debug|Any CPU
		{769DAFD8-EAEA-4449-8B78-FBAA210ACC0D}.Release|Any CPU.ActiveCfg = Release|Any CPU
		{769DAFD8-EAEA-4449-8B78-FBAA210ACC0D}.Release|Any CPU.Build.0 = Release|Any CPU
		{83C5F9E4-D513-4DAC-9C21-0FEA9AEBA76D}.Debug|Any CPU.ActiveCfg = Debug|Any CPU
		{83C5F9E4-D513-4DAC-9C21-0FEA9AEBA76D}.Debug|Any CPU.Build.0 = Debug|Any CPU
		{83C5F9E4-D513-4DAC-9C21-0FEA9AEBA76D}.Release|Any CPU.ActiveCfg = Release|Any CPU
		{83C5F9E4-D513-4DAC-9C21-0FEA9AEBA76D}.Release|Any CPU.Build.0 = Release|Any CPU
		{88407F16-E21D-49B4-A4F2-6233E41A78C8}.Debug|Any CPU.ActiveCfg = Debug|Any CPU
		{88407F16-E21D-49B4-A4F2-6233E41A78C8}.Debug|Any CPU.Build.0 = Debug|Any CPU
		{88407F16-E21D-49B4-A4F2-6233E41A78C8}.Release|Any CPU.ActiveCfg = Release|Any CPU
		{88407F16-E21D-49B4-A4F2-6233E41A78C8}.Release|Any CPU.Build.0 = Release|Any CPU
	EndGlobalSection
EndGlobal
